[root]
name = "conductor"
version = "0.0.7"
dependencies = [
 "clippy 0.0.90 (registry+https://github.com/rust-lang/crates.io-index)",
 "docker_compose 0.3.6 (registry+https://github.com/rust-lang/crates.io-index)",
 "docopt 0.6.83 (registry+https://github.com/rust-lang/crates.io-index)",
 "env_logger 0.3.5 (registry+https://github.com/rust-lang/crates.io-index)",
 "glob 0.2.11 (registry+https://github.com/rust-lang/crates.io-index)",
 "handlebars 0.20.5 (registry+https://github.com/rust-lang/crates.io-index)",
 "includedir 0.2.2 (registry+https://github.com/rust-lang/crates.io-index)",
 "includedir_codegen 0.2.2 (registry+https://github.com/rust-lang/crates.io-index)",
 "log 0.3.6 (registry+https://github.com/rust-lang/crates.io-index)",
 "phf 0.7.16 (registry+https://github.com/rust-lang/crates.io-index)",
 "rand 0.3.14 (registry+https://github.com/rust-lang/crates.io-index)",
 "retry 0.4.0 (registry+https://github.com/rust-lang/crates.io-index)",
 "rustc-serialize 0.3.19 (registry+https://github.com/rust-lang/crates.io-index)",
 "serde 0.8.9 (registry+https://github.com/rust-lang/crates.io-index)",
 "serde_codegen 0.8.9 (registry+https://github.com/rust-lang/crates.io-index)",
 "serde_macros 0.8.9 (registry+https://github.com/rust-lang/crates.io-index)",
 "serde_yaml 0.4.0 (registry+https://github.com/rust-lang/crates.io-index)",
 "shlex 0.1.1 (registry+https://github.com/rust-lang/crates.io-index)",
 "url 1.2.0 (registry+https://github.com/rust-lang/crates.io-index)",
]

[[package]]
name = "aho-corasick"
version = "0.5.3"
source = "registry+https://github.com/rust-lang/crates.io-index"
dependencies = [
 "memchr 0.1.11 (registry+https://github.com/rust-lang/crates.io-index)",
]

[[package]]
name = "aster"
version = "0.27.0"
source = "registry+https://github.com/rust-lang/crates.io-index"
dependencies = [
 "syntex_syntax 0.44.0 (registry+https://github.com/rust-lang/crates.io-index)",
]

[[package]]
name = "bitflags"
version = "0.5.0"
source = "registry+https://github.com/rust-lang/crates.io-index"

[[package]]
name = "clippy"
version = "0.0.90"
source = "registry+https://github.com/rust-lang/crates.io-index"
dependencies = [
 "clippy_lints 0.0.90 (registry+https://github.com/rust-lang/crates.io-index)",
]

[[package]]
name = "clippy_lints"
version = "0.0.90"
source = "registry+https://github.com/rust-lang/crates.io-index"
dependencies = [
 "matches 0.1.2 (registry+https://github.com/rust-lang/crates.io-index)",
 "quine-mc_cluskey 0.2.4 (registry+https://github.com/rust-lang/crates.io-index)",
 "regex-syntax 0.3.5 (registry+https://github.com/rust-lang/crates.io-index)",
 "rustc-serialize 0.3.19 (registry+https://github.com/rust-lang/crates.io-index)",
 "semver 0.2.3 (registry+https://github.com/rust-lang/crates.io-index)",
 "toml 0.1.30 (registry+https://github.com/rust-lang/crates.io-index)",
 "unicode-normalization 0.1.2 (registry+https://github.com/rust-lang/crates.io-index)",
]

[[package]]
name = "docker_compose"
version = "0.3.6"
source = "registry+https://github.com/rust-lang/crates.io-index"
dependencies = [
 "glob 0.2.11 (registry+https://github.com/rust-lang/crates.io-index)",
 "lazy_static 0.2.1 (registry+https://github.com/rust-lang/crates.io-index)",
 "regex 0.1.77 (registry+https://github.com/rust-lang/crates.io-index)",
 "serde 0.8.9 (registry+https://github.com/rust-lang/crates.io-index)",
 "serde_codegen 0.8.9 (registry+https://github.com/rust-lang/crates.io-index)",
 "serde_macros 0.8.9 (registry+https://github.com/rust-lang/crates.io-index)",
 "serde_yaml 0.4.0 (registry+https://github.com/rust-lang/crates.io-index)",
 "url 1.2.0 (registry+https://github.com/rust-lang/crates.io-index)",
 "void 1.0.2 (registry+https://github.com/rust-lang/crates.io-index)",
 "yaml-rust 0.3.3 (registry+https://github.com/rust-lang/crates.io-index)",
]

[[package]]
name = "docopt"
version = "0.6.83"
source = "registry+https://github.com/rust-lang/crates.io-index"
dependencies = [
 "lazy_static 0.2.1 (registry+https://github.com/rust-lang/crates.io-index)",
 "regex 0.1.77 (registry+https://github.com/rust-lang/crates.io-index)",
 "rustc-serialize 0.3.19 (registry+https://github.com/rust-lang/crates.io-index)",
 "strsim 0.5.1 (registry+https://github.com/rust-lang/crates.io-index)",
]

[[package]]
name = "env_logger"
version = "0.3.5"
source = "registry+https://github.com/rust-lang/crates.io-index"
dependencies = [
 "log 0.3.6 (registry+https://github.com/rust-lang/crates.io-index)",
 "regex 0.1.77 (registry+https://github.com/rust-lang/crates.io-index)",
]

[[package]]
name = "flate2"
version = "0.2.14"
source = "registry+https://github.com/rust-lang/crates.io-index"
dependencies = [
 "libc 0.2.16 (registry+https://github.com/rust-lang/crates.io-index)",
 "miniz-sys 0.1.7 (registry+https://github.com/rust-lang/crates.io-index)",
]

[[package]]
name = "gcc"
version = "0.3.35"
source = "registry+https://github.com/rust-lang/crates.io-index"

[[package]]
name = "glob"
version = "0.2.11"
source = "registry+https://github.com/rust-lang/crates.io-index"

[[package]]
name = "handlebars"
version = "0.20.5"
source = "registry+https://github.com/rust-lang/crates.io-index"
dependencies = [
 "lazy_static 0.1.16 (registry+https://github.com/rust-lang/crates.io-index)",
 "log 0.3.6 (registry+https://github.com/rust-lang/crates.io-index)",
 "pest 0.3.3 (registry+https://github.com/rust-lang/crates.io-index)",
 "quick-error 1.1.0 (registry+https://github.com/rust-lang/crates.io-index)",
 "regex 0.1.77 (registry+https://github.com/rust-lang/crates.io-index)",
 "rustc-serialize 0.3.19 (registry+https://github.com/rust-lang/crates.io-index)",
]

[[package]]
name = "idna"
version = "0.1.0"
source = "registry+https://github.com/rust-lang/crates.io-index"
dependencies = [
 "matches 0.1.2 (registry+https://github.com/rust-lang/crates.io-index)",
 "unicode-bidi 0.2.3 (registry+https://github.com/rust-lang/crates.io-index)",
 "unicode-normalization 0.1.2 (registry+https://github.com/rust-lang/crates.io-index)",
]

[[package]]
name = "includedir"
version = "0.2.2"
source = "registry+https://github.com/rust-lang/crates.io-index"
dependencies = [
 "flate2 0.2.14 (registry+https://github.com/rust-lang/crates.io-index)",
 "phf 0.7.16 (registry+https://github.com/rust-lang/crates.io-index)",
]

[[package]]
name = "includedir_codegen"
version = "0.2.2"
source = "registry+https://github.com/rust-lang/crates.io-index"
dependencies = [
 "flate2 0.2.14 (registry+https://github.com/rust-lang/crates.io-index)",
 "phf_codegen 0.7.16 (registry+https://github.com/rust-lang/crates.io-index)",
 "walkdir 0.1.8 (registry+https://github.com/rust-lang/crates.io-index)",
]

[[package]]
name = "kernel32-sys"
version = "0.2.2"
source = "registry+https://github.com/rust-lang/crates.io-index"
dependencies = [
 "winapi 0.2.8 (registry+https://github.com/rust-lang/crates.io-index)",
 "winapi-build 0.1.1 (registry+https://github.com/rust-lang/crates.io-index)",
]

[[package]]
name = "lazy_static"
version = "0.1.16"
source = "registry+https://github.com/rust-lang/crates.io-index"

[[package]]
name = "lazy_static"
version = "0.2.1"
source = "registry+https://github.com/rust-lang/crates.io-index"

[[package]]
name = "libc"
version = "0.2.16"
source = "registry+https://github.com/rust-lang/crates.io-index"

[[package]]
name = "log"
version = "0.3.6"
source = "registry+https://github.com/rust-lang/crates.io-index"

[[package]]
name = "matches"
version = "0.1.2"
source = "registry+https://github.com/rust-lang/crates.io-index"

[[package]]
name = "memchr"
version = "0.1.11"
source = "registry+https://github.com/rust-lang/crates.io-index"
dependencies = [
 "libc 0.2.16 (registry+https://github.com/rust-lang/crates.io-index)",
]

[[package]]
name = "miniz-sys"
version = "0.1.7"
source = "registry+https://github.com/rust-lang/crates.io-index"
dependencies = [
 "gcc 0.3.35 (registry+https://github.com/rust-lang/crates.io-index)",
 "libc 0.2.16 (registry+https://github.com/rust-lang/crates.io-index)",
]

[[package]]
name = "nom"
version = "1.2.4"
source = "registry+https://github.com/rust-lang/crates.io-index"

[[package]]
name = "pest"
version = "0.3.3"
source = "registry+https://github.com/rust-lang/crates.io-index"

[[package]]
name = "phf"
version = "0.7.16"
source = "registry+https://github.com/rust-lang/crates.io-index"
dependencies = [
 "phf_shared 0.7.16 (registry+https://github.com/rust-lang/crates.io-index)",
]

[[package]]
name = "phf_codegen"
version = "0.7.16"
source = "registry+https://github.com/rust-lang/crates.io-index"
dependencies = [
 "phf_generator 0.7.16 (registry+https://github.com/rust-lang/crates.io-index)",
 "phf_shared 0.7.16 (registry+https://github.com/rust-lang/crates.io-index)",
]

[[package]]
name = "phf_generator"
version = "0.7.16"
source = "registry+https://github.com/rust-lang/crates.io-index"
dependencies = [
 "phf_shared 0.7.16 (registry+https://github.com/rust-lang/crates.io-index)",
 "rand 0.3.14 (registry+https://github.com/rust-lang/crates.io-index)",
]

[[package]]
name = "phf_shared"
version = "0.7.16"
source = "registry+https://github.com/rust-lang/crates.io-index"

[[package]]
name = "quasi"
version = "0.20.0"
source = "registry+https://github.com/rust-lang/crates.io-index"
dependencies = [
 "syntex_errors 0.44.0 (registry+https://github.com/rust-lang/crates.io-index)",
 "syntex_syntax 0.44.0 (registry+https://github.com/rust-lang/crates.io-index)",
]

[[package]]
name = "quasi_codegen"
version = "0.20.0"
source = "registry+https://github.com/rust-lang/crates.io-index"
dependencies = [
 "aster 0.27.0 (registry+https://github.com/rust-lang/crates.io-index)",
 "syntex 0.44.0 (registry+https://github.com/rust-lang/crates.io-index)",
 "syntex_errors 0.44.0 (registry+https://github.com/rust-lang/crates.io-index)",
 "syntex_syntax 0.44.0 (registry+https://github.com/rust-lang/crates.io-index)",
]

[[package]]
name = "quasi_macros"
version = "0.20.0"
source = "registry+https://github.com/rust-lang/crates.io-index"
dependencies = [
 "quasi_codegen 0.20.0 (registry+https://github.com/rust-lang/crates.io-index)",
]

[[package]]
name = "quick-error"
version = "1.1.0"
source = "registry+https://github.com/rust-lang/crates.io-index"

[[package]]
name = "quine-mc_cluskey"
version = "0.2.4"
source = "registry+https://github.com/rust-lang/crates.io-index"

[[package]]
name = "rand"
version = "0.3.14"
source = "registry+https://github.com/rust-lang/crates.io-index"
dependencies = [
 "libc 0.2.16 (registry+https://github.com/rust-lang/crates.io-index)",
]

[[package]]
name = "regex"
version = "0.1.77"
source = "registry+https://github.com/rust-lang/crates.io-index"
dependencies = [
 "aho-corasick 0.5.3 (registry+https://github.com/rust-lang/crates.io-index)",
 "memchr 0.1.11 (registry+https://github.com/rust-lang/crates.io-index)",
 "regex-syntax 0.3.5 (registry+https://github.com/rust-lang/crates.io-index)",
 "thread_local 0.2.7 (registry+https://github.com/rust-lang/crates.io-index)",
 "utf8-ranges 0.1.3 (registry+https://github.com/rust-lang/crates.io-index)",
]

[[package]]
name = "regex-syntax"
version = "0.3.5"
source = "registry+https://github.com/rust-lang/crates.io-index"

[[package]]
name = "retry"
version = "0.4.0"
source = "registry+https://github.com/rust-lang/crates.io-index"
dependencies = [
 "rand 0.3.14 (registry+https://github.com/rust-lang/crates.io-index)",
]

[[package]]
name = "rustc-serialize"
version = "0.3.19"
source = "registry+https://github.com/rust-lang/crates.io-index"

[[package]]
name = "semver"
version = "0.2.3"
source = "registry+https://github.com/rust-lang/crates.io-index"
dependencies = [
 "nom 1.2.4 (registry+https://github.com/rust-lang/crates.io-index)",
]

[[package]]
name = "serde"
version = "0.8.9"
source = "registry+https://github.com/rust-lang/crates.io-index"

[[package]]
name = "serde_codegen"
version = "0.8.9"
source = "registry+https://github.com/rust-lang/crates.io-index"
dependencies = [
 "aster 0.27.0 (registry+https://github.com/rust-lang/crates.io-index)",
 "quasi 0.20.0 (registry+https://github.com/rust-lang/crates.io-index)",
 "quasi_codegen 0.20.0 (registry+https://github.com/rust-lang/crates.io-index)",
 "quasi_macros 0.20.0 (registry+https://github.com/rust-lang/crates.io-index)",
 "serde_codegen_internals 0.8.9 (registry+https://github.com/rust-lang/crates.io-index)",
 "syntex 0.44.0 (registry+https://github.com/rust-lang/crates.io-index)",
 "syntex_syntax 0.44.0 (registry+https://github.com/rust-lang/crates.io-index)",
]

[[package]]
name = "serde_codegen_internals"
version = "0.8.9"
source = "registry+https://github.com/rust-lang/crates.io-index"
dependencies = [
 "syntex_errors 0.44.0 (registry+https://github.com/rust-lang/crates.io-index)",
 "syntex_syntax 0.44.0 (registry+https://github.com/rust-lang/crates.io-index)",
]

[[package]]
name = "serde_macros"
version = "0.8.9"
source = "registry+https://github.com/rust-lang/crates.io-index"
dependencies = [
 "serde_codegen 0.8.9 (registry+https://github.com/rust-lang/crates.io-index)",
]

[[package]]
name = "serde_yaml"
version = "0.4.0"
source = "registry+https://github.com/rust-lang/crates.io-index"
dependencies = [
 "serde 0.8.9 (registry+https://github.com/rust-lang/crates.io-index)",
 "yaml-rust 0.3.3 (registry+https://github.com/rust-lang/crates.io-index)",
]

[[package]]
name = "shlex"
version = "0.1.1"
source = "registry+https://github.com/rust-lang/crates.io-index"

[[package]]
name = "strsim"
version = "0.5.1"
source = "registry+https://github.com/rust-lang/crates.io-index"

[[package]]
name = "syntex"
version = "0.44.0"
source = "registry+https://github.com/rust-lang/crates.io-index"
dependencies = [
 "syntex_errors 0.44.0 (registry+https://github.com/rust-lang/crates.io-index)",
 "syntex_syntax 0.44.0 (registry+https://github.com/rust-lang/crates.io-index)",
]

[[package]]
name = "syntex_errors"
version = "0.44.0"
source = "registry+https://github.com/rust-lang/crates.io-index"
dependencies = [
 "libc 0.2.16 (registry+https://github.com/rust-lang/crates.io-index)",
 "log 0.3.6 (registry+https://github.com/rust-lang/crates.io-index)",
 "rustc-serialize 0.3.19 (registry+https://github.com/rust-lang/crates.io-index)",
 "syntex_pos 0.44.0 (registry+https://github.com/rust-lang/crates.io-index)",
 "term 0.4.4 (registry+https://github.com/rust-lang/crates.io-index)",
 "unicode-xid 0.0.3 (registry+https://github.com/rust-lang/crates.io-index)",
]

[[package]]
name = "syntex_pos"
version = "0.44.0"
source = "registry+https://github.com/rust-lang/crates.io-index"
dependencies = [
 "rustc-serialize 0.3.19 (registry+https://github.com/rust-lang/crates.io-index)",
]

[[package]]
name = "syntex_syntax"
version = "0.44.0"
source = "registry+https://github.com/rust-lang/crates.io-index"
dependencies = [
 "bitflags 0.5.0 (registry+https://github.com/rust-lang/crates.io-index)",
 "libc 0.2.16 (registry+https://github.com/rust-lang/crates.io-index)",
 "log 0.3.6 (registry+https://github.com/rust-lang/crates.io-index)",
 "rustc-serialize 0.3.19 (registry+https://github.com/rust-lang/crates.io-index)",
 "syntex_errors 0.44.0 (registry+https://github.com/rust-lang/crates.io-index)",
 "syntex_pos 0.44.0 (registry+https://github.com/rust-lang/crates.io-index)",
 "term 0.4.4 (registry+https://github.com/rust-lang/crates.io-index)",
 "unicode-xid 0.0.3 (registry+https://github.com/rust-lang/crates.io-index)",
]

[[package]]
name = "term"
version = "0.4.4"
source = "registry+https://github.com/rust-lang/crates.io-index"
dependencies = [
 "kernel32-sys 0.2.2 (registry+https://github.com/rust-lang/crates.io-index)",
 "winapi 0.2.8 (registry+https://github.com/rust-lang/crates.io-index)",
]

[[package]]
name = "thread-id"
version = "2.0.0"
source = "registry+https://github.com/rust-lang/crates.io-index"
dependencies = [
 "kernel32-sys 0.2.2 (registry+https://github.com/rust-lang/crates.io-index)",
 "libc 0.2.16 (registry+https://github.com/rust-lang/crates.io-index)",
]

[[package]]
name = "thread_local"
version = "0.2.7"
source = "registry+https://github.com/rust-lang/crates.io-index"
dependencies = [
 "thread-id 2.0.0 (registry+https://github.com/rust-lang/crates.io-index)",
]

[[package]]
name = "toml"
version = "0.1.30"
source = "registry+https://github.com/rust-lang/crates.io-index"
dependencies = [
 "rustc-serialize 0.3.19 (registry+https://github.com/rust-lang/crates.io-index)",
]

[[package]]
name = "unicode-bidi"
version = "0.2.3"
source = "registry+https://github.com/rust-lang/crates.io-index"
dependencies = [
 "matches 0.1.2 (registry+https://github.com/rust-lang/crates.io-index)",
]

[[package]]
name = "unicode-normalization"
version = "0.1.2"
source = "registry+https://github.com/rust-lang/crates.io-index"

[[package]]
name = "unicode-xid"
version = "0.0.3"
source = "registry+https://github.com/rust-lang/crates.io-index"

[[package]]
name = "url"
version = "1.2.0"
source = "registry+https://github.com/rust-lang/crates.io-index"
dependencies = [
 "idna 0.1.0 (registry+https://github.com/rust-lang/crates.io-index)",
 "matches 0.1.2 (registry+https://github.com/rust-lang/crates.io-index)",
]

[[package]]
name = "utf8-ranges"
version = "0.1.3"
source = "registry+https://github.com/rust-lang/crates.io-index"

[[package]]
name = "void"
version = "1.0.2"
source = "registry+https://github.com/rust-lang/crates.io-index"

[[package]]
name = "walkdir"
version = "0.1.8"
source = "registry+https://github.com/rust-lang/crates.io-index"
dependencies = [
 "kernel32-sys 0.2.2 (registry+https://github.com/rust-lang/crates.io-index)",
 "winapi 0.2.8 (registry+https://github.com/rust-lang/crates.io-index)",
]

[[package]]
name = "winapi"
version = "0.2.8"
source = "registry+https://github.com/rust-lang/crates.io-index"

[[package]]
name = "winapi-build"
version = "0.1.1"
source = "registry+https://github.com/rust-lang/crates.io-index"

[[package]]
name = "yaml-rust"
version = "0.3.3"
source = "registry+https://github.com/rust-lang/crates.io-index"

[metadata]
"checksum aho-corasick 0.5.3 (registry+https://github.com/rust-lang/crates.io-index)" = "ca972c2ea5f742bfce5687b9aef75506a764f61d37f8f649047846a9686ddb66"
"checksum aster 0.27.0 (registry+https://github.com/rust-lang/crates.io-index)" = "258989846dd255a1e0eeef92d425d345477c9999433cecc9f0879f4549d5e5c9"
"checksum bitflags 0.5.0 (registry+https://github.com/rust-lang/crates.io-index)" = "4f67931368edf3a9a51d29886d245f1c3db2f1ef0dcc9e35ff70341b78c10d23"
"checksum clippy 0.0.90 (registry+https://github.com/rust-lang/crates.io-index)" = "d19bda68c3db98e3a780342f6101b44312fef20a5f13ce756d1202a35922b01b"
"checksum clippy_lints 0.0.90 (registry+https://github.com/rust-lang/crates.io-index)" = "3d4ed67c69b9bb35169be2538691d290a3aa0cbfd4b9f0bfb7c221fc1d399a96"
"checksum docker_compose 0.3.6 (registry+https://github.com/rust-lang/crates.io-index)" = "401ea2cbe2e406a9d71beb174a54e72165ded64ff3bacd240d41bb553638109e"
"checksum docopt 0.6.83 (registry+https://github.com/rust-lang/crates.io-index)" = "fc42c6077823a361410c37d47c2535b73a190cbe10838dc4f400fe87c10c8c3b"
"checksum env_logger 0.3.5 (registry+https://github.com/rust-lang/crates.io-index)" = "15abd780e45b3ea4f76b4e9a26ff4843258dd8a3eed2775a0e7368c2e7936c2f"
"checksum flate2 0.2.14 (registry+https://github.com/rust-lang/crates.io-index)" = "3eeb481e957304178d2e782f2da1257f1434dfecbae883bafb61ada2a9fea3bb"
"checksum gcc 0.3.35 (registry+https://github.com/rust-lang/crates.io-index)" = "91ecd03771effb0c968fd6950b37e89476a578aaf1c70297d8e92b6516ec3312"
"checksum glob 0.2.11 (registry+https://github.com/rust-lang/crates.io-index)" = "8be18de09a56b60ed0edf84bc9df007e30040691af7acd1c41874faac5895bfb"
"checksum handlebars 0.20.5 (registry+https://github.com/rust-lang/crates.io-index)" = "07f9c1d28bcfb97143c95ed0667141677b2b5675c7ba3d5b81459ad43b1073bd"
"checksum idna 0.1.0 (registry+https://github.com/rust-lang/crates.io-index)" = "1053236e00ce4f668aeca4a769a09b3bf5a682d802abd6f3cb39374f6b162c11"
"checksum includedir 0.2.2 (registry+https://github.com/rust-lang/crates.io-index)" = "ed470a2a5c0afe4587796a886aa185fcef159feaefd8c4f40d85423aeeec4a3a"
"checksum includedir_codegen 0.2.2 (registry+https://github.com/rust-lang/crates.io-index)" = "4cb2bb86e79496ab481fc7865ce8c2960cf1eb40cc1411524ce67fce54f3c95e"
"checksum kernel32-sys 0.2.2 (registry+https://github.com/rust-lang/crates.io-index)" = "7507624b29483431c0ba2d82aece8ca6cdba9382bff4ddd0f7490560c056098d"
"checksum lazy_static 0.1.16 (registry+https://github.com/rust-lang/crates.io-index)" = "cf186d1a8aa5f5bee5fd662bc9c1b949e0259e1bcc379d1f006847b0080c7417"
"checksum lazy_static 0.2.1 (registry+https://github.com/rust-lang/crates.io-index)" = "49247ec2a285bb3dcb23cbd9c35193c025e7251bfce77c1d5da97e6362dffe7f"
"checksum libc 0.2.16 (registry+https://github.com/rust-lang/crates.io-index)" = "408014cace30ee0f767b1c4517980646a573ec61a57957aeeabcac8ac0a02e8d"
"checksum log 0.3.6 (registry+https://github.com/rust-lang/crates.io-index)" = "ab83497bf8bf4ed2a74259c1c802351fcd67a65baa86394b6ba73c36f4838054"
"checksum matches 0.1.2 (registry+https://github.com/rust-lang/crates.io-index)" = "15305656809ce5a4805b1ff2946892810992197ce1270ff79baded852187942e"
"checksum memchr 0.1.11 (registry+https://github.com/rust-lang/crates.io-index)" = "d8b629fb514376c675b98c1421e80b151d3817ac42d7c667717d282761418d20"
"checksum miniz-sys 0.1.7 (registry+https://github.com/rust-lang/crates.io-index)" = "9d1f4d337a01c32e1f2122510fed46393d53ca35a7f429cb0450abaedfa3ed54"
"checksum nom 1.2.4 (registry+https://github.com/rust-lang/crates.io-index)" = "a5b8c256fd9471521bcb84c3cdba98921497f1a331cbc15b8030fc63b82050ce"
"checksum pest 0.3.3 (registry+https://github.com/rust-lang/crates.io-index)" = "0a6dda33d67c26f0aac90d324ab2eb7239c819fc7b2552fe9faa4fe88441edc8"
"checksum phf 0.7.16 (registry+https://github.com/rust-lang/crates.io-index)" = "52c875926de24c01b5b69153eaa258b57920a39b44bbce8ef1f2052a6c5a6a1a"
"checksum phf_codegen 0.7.16 (registry+https://github.com/rust-lang/crates.io-index)" = "0a8912c2cc0ea2e8ae70388ec0af9a445e7ab37b3c9cc61f059c2b34db8ed50b"
"checksum phf_generator 0.7.16 (registry+https://github.com/rust-lang/crates.io-index)" = "04b5ea825e28cb6efd89d9133b129b2003b45a221aeda025509b125b00ecb7c4"
"checksum phf_shared 0.7.16 (registry+https://github.com/rust-lang/crates.io-index)" = "2c43b5dbe94d31f1f4ed45c50bb06d70e72fd53f15422b0a915b5c237e130dd6"
"checksum quasi 0.20.0 (registry+https://github.com/rust-lang/crates.io-index)" = "50d83f9f141f12a586aae8eefa4fdb39a273fc1a1f4cfb252a4cb566a9ca8985"
"checksum quasi_codegen 0.20.0 (registry+https://github.com/rust-lang/crates.io-index)" = "cfb4a9a5410fdbdacbeda8063ddb8add9838dfd4cf50ac486db98abb762d8bd6"
"checksum quasi_macros 0.20.0 (registry+https://github.com/rust-lang/crates.io-index)" = "adc2b36285ea5e54e4e267f83896267ff8c5aba4f66b2e7d186ed6d968f3715f"
"checksum quick-error 1.1.0 (registry+https://github.com/rust-lang/crates.io-index)" = "0aad603e8d7fb67da22dbdf1f4b826ce8829e406124109e73cf1b2454b93a71c"
"checksum quine-mc_cluskey 0.2.4 (registry+https://github.com/rust-lang/crates.io-index)" = "07589615d719a60c8dd8a4622e7946465dfef20d1a428f969e3443e7386d5f45"
"checksum rand 0.3.14 (registry+https://github.com/rust-lang/crates.io-index)" = "2791d88c6defac799c3f20d74f094ca33b9332612d9aef9078519c82e4fe04a5"
"checksum regex 0.1.77 (registry+https://github.com/rust-lang/crates.io-index)" = "64b03446c466d35b42f2a8b203c8e03ed8b91c0f17b56e1f84f7210a257aa665"
"checksum regex-syntax 0.3.5 (registry+https://github.com/rust-lang/crates.io-index)" = "279401017ae31cf4e15344aa3f085d0e2e5c1e70067289ef906906fdbe92c8fd"
"checksum retry 0.4.0 (registry+https://github.com/rust-lang/crates.io-index)" = "29460f6011a25fc70b22010e796bd98330baccaa0005cba6f90b858a510dec0d"
"checksum rustc-serialize 0.3.19 (registry+https://github.com/rust-lang/crates.io-index)" = "6159e4e6e559c81bd706afe9c8fd68f547d3e851ce12e76b1de7914bab61691b"
"checksum semver 0.2.3 (registry+https://github.com/rust-lang/crates.io-index)" = "2d5b7638a1f03815d94e88cb3b3c08e87f0db4d683ef499d1836aaf70a45623f"
"checksum serde 0.8.9 (registry+https://github.com/rust-lang/crates.io-index)" = "addfcab8c811b4e016a78d8699fc48cbdb41f90829ce66bf5fa700cfc746e96e"
"checksum serde_codegen 0.8.9 (registry+https://github.com/rust-lang/crates.io-index)" = "da68810d845f8e33a80243c28794650397056cbe7aea4c9c7516f55d1061c94e"
"checksum serde_codegen_internals 0.8.9 (registry+https://github.com/rust-lang/crates.io-index)" = "1b0115c5c602e81c61b787fb0f0fa76a614f8dbe9100b2b59b7d590155672c80"
"checksum serde_macros 0.8.9 (registry+https://github.com/rust-lang/crates.io-index)" = "c3cf1c01933271e1e72bb788e0499d1bca8af2c09efcc3ddc0b04ff22d080b83"
"checksum serde_yaml 0.4.0 (registry+https://github.com/rust-lang/crates.io-index)" = "159ed553b5c249a0cec774f9ce2ea531cd8ce15c43bbfdd98ef76cf7f3ecf58a"
"checksum shlex 0.1.1 (registry+https://github.com/rust-lang/crates.io-index)" = "7fdf1b9db47230893d76faad238fd6097fd6d6a9245cd7a4d90dbd639536bbd2"
"checksum strsim 0.5.1 (registry+https://github.com/rust-lang/crates.io-index)" = "50c069df92e4b01425a8bf3576d5d417943a6a7272fbabaf5bd80b1aaa76442e"
"checksum syntex 0.44.0 (registry+https://github.com/rust-lang/crates.io-index)" = "84f37b94d7ee762bcac58741f73a95465cf87188c3b93f10df9245aff821b2b4"
"checksum syntex_errors 0.44.0 (registry+https://github.com/rust-lang/crates.io-index)" = "d0d95d2141ae79f312a01c6934d9984f9d7f5cfaf0c74aae5fbbc234a6dcb77a"
"checksum syntex_pos 0.44.0 (registry+https://github.com/rust-lang/crates.io-index)" = "3e2cbf0598c5970f2dca122a4e6f7e93bf42f2d0b2dd88c3ea112413152864df"
"checksum syntex_syntax 0.44.0 (registry+https://github.com/rust-lang/crates.io-index)" = "5e25a819be16cba4729d5d0a59d9559b463250e90419cd4cc67ac258c6397e55"
"checksum term 0.4.4 (registry+https://github.com/rust-lang/crates.io-index)" = "3deff8a2b3b6607d6d7cc32ac25c0b33709453ca9cceac006caac51e963cf94a"
"checksum thread-id 2.0.0 (registry+https://github.com/rust-lang/crates.io-index)" = "a9539db560102d1cef46b8b78ce737ff0bb64e7e18d35b2a5688f7d097d0ff03"
"checksum thread_local 0.2.7 (registry+https://github.com/rust-lang/crates.io-index)" = "8576dbbfcaef9641452d5cf0df9b0e7eeab7694956dd33bb61515fb8f18cfdd5"
"checksum toml 0.1.30 (registry+https://github.com/rust-lang/crates.io-index)" = "0590d72182e50e879c4da3b11c6488dae18fccb1ae0c7a3eda18e16795844796"
"checksum unicode-bidi 0.2.3 (registry+https://github.com/rust-lang/crates.io-index)" = "c1f7ceb96afdfeedee42bade65a0d585a6a0106f681b6749c8ff4daa8df30b3f"
"checksum unicode-normalization 0.1.2 (registry+https://github.com/rust-lang/crates.io-index)" = "26643a2f83bac55f1976fb716c10234485f9202dcd65cfbdf9da49867b271172"
"checksum unicode-xid 0.0.3 (registry+https://github.com/rust-lang/crates.io-index)" = "36dff09cafb4ec7c8cf0023eb0b686cb6ce65499116a12201c9e11840ca01beb"
"checksum url 1.2.0 (registry+https://github.com/rust-lang/crates.io-index)" = "afe9ec54bc4db14bc8744b7fed060d785ac756791450959b2248443319d5b119"
"checksum utf8-ranges 0.1.3 (registry+https://github.com/rust-lang/crates.io-index)" = "a1ca13c08c41c9c3e04224ed9ff80461d97e121589ff27c753a16cb10830ae0f"
"checksum void 1.0.2 (registry+https://github.com/rust-lang/crates.io-index)" = "6a02e4885ed3bc0f2de90ea6dd45ebcbb66dacffe03547fadbb0eeae2770887d"
"checksum walkdir 0.1.8 (registry+https://github.com/rust-lang/crates.io-index)" = "c66c0b9792f0a765345452775f3adbd28dde9d33f30d13e5dcc5ae17cf6f3780"
"checksum winapi 0.2.8 (registry+https://github.com/rust-lang/crates.io-index)" = "167dc9d6949a9b857f3451275e911c3f44255842c1f7a76f33c55103a909087a"
"checksum winapi-build 0.1.1 (registry+https://github.com/rust-lang/crates.io-index)" = "2d315eee3b34aca4797b2da6b13ed88266e6d612562a0c46390af8299fc699bc"
"checksum yaml-rust 0.3.3 (registry+https://github.com/rust-lang/crates.io-index)" = "ebfe12f475ad59be6178ebf004d51e682022496535994f8d23fd7ed31084598c"
